
Microsoft Visual Studio Solution File, Format Version 12.00
# Visual Studio Version 16
VisualStudioVersion = 16.0.30114.105
MinimumVisualStudioVersion = 10.0.40219.1
Project("{FAE04EC0-301F-11D3-BF4B-00C04F79EFBC}") = "RestaurantApp.Core", "RestaurantApp.Core\RestaurantApp.Core.csproj", "{3DB62144-9C39-423F-A922-E1DC7935510E}"
EndProject
Project("{FAE04EC0-301F-11D3-BF4B-00C04F79EFBC}") = "WebApp", "WebApp\WebApp.csproj", "{00E4908C-CEB8-4AE5-AF43-C057319FE0A7}"
EndProject
Project("{FAE04EC0-301F-11D3-BF4B-00C04F79EFBC}") = "RestaurantApp.Data", "RestaurantApp.Data\RestaurantApp.Data.csproj", "{1AA9FD5E-850A-41A5-ABBE-1D830938E954}"
EndProject
Global
	GlobalSection(SolutionConfigurationPlatforms) = preSolution
		Debug|Any CPU = Debug|Any CPU
		Debug|x64 = Debug|x64
		Debug|x86 = Debug|x86
		Release|Any CPU = Release|Any CPU
		Release|x64 = Release|x64
		Release|x86 = Release|x86
	EndGlobalSection
	GlobalSection(SolutionProperties) = preSolution
		HideSolutionNode = FALSE
	EndGlobalSection
	GlobalSection(ProjectConfigurationPlatforms) = postSolution
		{3DB62144-9C39-423F-A922-E1DC7935510E}.Debug|Any CPU.ActiveCfg = Debug|Any CPU
		{3DB62144-9C39-423F-A922-E1DC7935510E}.Debug|Any CPU.Build.0 = Debug|Any CPU
		{3DB62144-9C39-423F-A922-E1DC7935510E}.Debug|x64.ActiveCfg = Debug|Any CPU
		{3DB62144-9C39-423F-A922-E1DC7935510E}.Debug|x64.Build.0 = Debug|Any CPU
		{3DB62144-9C39-423F-A922-E1DC7935510E}.Debug|x86.ActiveCfg = Debug|Any CPU
		{3DB62144-9C39-423F-A922-E1DC7935510E}.Debug|x86.Build.0 = Debug|Any CPU
		{3DB62144-9C39-423F-A922-E1DC7935510E}.Release|Any CPU.ActiveCfg = Release|Any CPU
		{3DB62144-9C39-423F-A922-E1DC7935510E}.Release|Any CPU.Build.0 = Release|Any CPU
		{3DB62144-9C39-423F-A922-E1DC7935510E}.Release|x64.ActiveCfg = Release|Any CPU
		{3DB62144-9C39-423F-A922-E1DC7935510E}.Release|x64.Build.0 = Release|Any CPU
		{3DB62144-9C39-423F-A922-E1DC7935510E}.Release|x86.ActiveCfg = Release|Any CPU
		{3DB62144-9C39-423F-A922-E1DC7935510E}.Release|x86.Build.0 = Release|Any CPU
		{00E4908C-CEB8-4AE5-AF43-C057319FE0A7}.Debug|Any CPU.ActiveCfg = Debug|Any CPU
		{00E4908C-CEB8-4AE5-AF43-C057319FE0A7}.Debug|Any CPU.Build.0 = Debug|Any CPU
		{00E4908C-CEB8-4AE5-AF43-C057319FE0A7}.Debug|x64.ActiveCfg = Debug|Any CPU
		{00E4908C-CEB8-4AE5-AF43-C057319FE0A7}.Debug|x64.Build.0 = Debug|Any CPU
		{00E4908C-CEB8-4AE5-AF43-C057319FE0A7}.Debug|x86.ActiveCfg = Debug|Any CPU
		{00E4908C-CEB8-4AE5-AF43-C057319FE0A7}.Debug|x86.Build.0 = Debug|Any CPU
		{00E4908C-CEB8-4AE5-AF43-C057319FE0A7}.Release|Any CPU.ActiveCfg = Release|Any CPU
		{00E4908C-CEB8-4AE5-AF43-C057319FE0A7}.Release|Any CPU.Build.0 = Release|Any CPU
		{00E4908C-CEB8-4AE5-AF43-C057319FE0A7}.Release|x64.ActiveCfg = Release|Any CPU
		{00E4908C-CEB8-4AE5-AF43-C057319FE0A7}.Release|x64.Build.0 = Release|Any CPU
		{00E4908C-CEB8-4AE5-AF43-C057319FE0A7}.Release|x86.ActiveCfg = Release|Any CPU
		{00E4908C-CEB8-4AE5-AF43-C057319FE0A7}.Release|x86.Build.0 = Release|Any CPU
		{1AA9FD5E-850A-41A5-ABBE-1D830938E954}.Debug|Any CPU.ActiveCfg = Debug|Any CPU
		{1AA9FD5E-850A-41A5-ABBE-1D830938E954}.Debug|Any CPU.Build.0 = Debug|Any CPU
		{1AA9FD5E-850A-41A5-ABBE-1D830938E954}.Debug|x64.ActiveCfg = Debug|Any CPU
		{1AA9FD5E-850A-41A5-ABBE-1D830938E954}.Debug|x64.Build.0 = Debug|Any CPU
		{1AA9FD5E-850A-41A5-ABBE-1D830938E954}.Debug|x86.ActiveCfg = Debug|Any CPU
		{1AA9FD5E-850A-41A5-ABBE-1D830938E954}.Debug|x86.Build.0 = Debug|Any CPU
		{1AA9FD5E-850A-41A5-ABBE-1D830938E954}.Release|Any CPU.ActiveCfg = Release|Any CPU
		{1AA9FD5E-850A-41A5-ABBE-1D830938E954}.Release|Any CPU.Build.0 = Release|Any CPU
		{1AA9FD5E-850A-41A5-ABBE-1D830938E954}.Release|x64.ActiveCfg = Release|Any CPU
		{1AA9FD5E-850A-41A5-ABBE-1D830938E954}.Release|x64.Build.0 = Release|Any CPU
		{1AA9FD5E-850A-41A5-ABBE-1D830938E954}.Release|x86.ActiveCfg = Release|Any CPU
		{1AA9FD5E-850A-41A5-ABBE-1D830938E954}.Release|x86.Build.0 = Release|Any CPU
	EndGlobalSection
EndGlobal
